{
  "name": "gregale-runtime-profiling",
  "version": "1.0.0",
  "lockfileVersion": 3,
  "requires": true,
  "packages": {
    "": {
      "name": "gregale-runtime-profiling",
      "version": "1.0.0",
      "dependencies": {
        "@pyroscope/nodejs": "0.6.5"
      }
    },
    "node_modules/@datadog/pprof": {
      "version": "5.14.4",
      "resolved": "https://registry.npmjs.org/@datadog/pprof/-/pprof-5.14.4.tgz",
      "integrity": "sha512-egEZDD9v98RBI8ijbHyaWQeY8rW0WEu004As5D7SUkdqSMORhrnh7ZdsM46PUzQgAc85IaEZoukWS9UhMvWn9w==",
      "hasInstallScript": true,
      "license": "Apache-2.0",
      "dependencies": {
        "node-gyp-build": "^4.8.4",
        "pprof-format": "^2.2.1",
        "source-map": "^0.7.4"
      },
      "engines": {
        "node": ">=16"
      }
    },
    "node_modules/@pyroscope/nodejs": {
      "version": "0.6.5",
      "resolved": "https://registry.npmjs.org/@pyroscope/nodejs/-/nodejs-0.6.5.tgz",
      "integrity": "sha512-ESR8yKzo+cCUfXw550gOun+vBVFHSMWZp+pC/IfevSUIEmZvQXeow1Wx+evz4BS530yDom6B/wByfYDDE9a26w==",
      "license": "Apache-2.0",
      "dependencies": {
        "@datadog/pprof": "5.14.4",
        "debug": "^4.4.3",
        "p-limit": "^7.3.0",
        "pprof-format": "^2.2.1",
        "regenerator-runtime": "^0.14.1",
        "source-map": "^0.7.6"
      },
      "engines": {
        "node": ">=20.20.2"
      },
      "peerDependencies": {
        "express": "^4.0.0 || ^5.0.0",
        "fastify": "^5.8.5"
      },
      "peerDependenciesMeta": {
        "express": {
          "optional": true
        },
        "fastify": {
          "optional": true
        }
      }
    },
    "node_modules/debug": {
      "version": "4.4.3",
      "resolved": "https://registry.npmjs.org/debug/-/debug-4.4.3.tgz",
      "integrity": "sha512-RGwwWnwQvkVfavKVt22FGLw+xYSdzARwm0ru6DhTVA3umU5hZc28V3kO4stgYryrTlLpuvgI9GiijltAjNbcqA==",
      "license": "MIT",
      "dependencies": {
        "ms": "^2.1.3"
      },
      "engines": {
        "node": ">=6.0"
      },
      "peerDependenciesMeta": {
        "supports-color": {
          "optional": true
        }
      }
    },
    "node_modules/ms": {
      "version": "2.1.3",
      "resolved": "https://registry.npmjs.org/ms/-/ms-2.1.3.tgz",
      "integrity": "sha512-6FlzubTLZG3J2a/NVCAleEhjzq5oxgHyaCU9yYXvcLsvoVaHJq/s5xXI6/XXP6tz7R9xAOtHnSO/tXtF3WRTlA==",
      "license": "MIT"
    },
    "node_modules/node-gyp-build": {
      "version": "4.8.4",
      "resolved": "https://registry.npmjs.org/node-gyp-build/-/node-gyp-build-4.8.4.tgz",
      "integrity": "sha512-LA4ZjwlnUblHVgq0oBF3Jl/6h/Nvs5fzBLwdEF4nuxnFdsfajde4WfxtJr3CaiH+F6ewcIB/q4jQ4UzPyid+CQ==",
      "license": "MIT",
      "bin": {
        "node-gyp-build": "bin.js",
        "node-gyp-build-optional": "optional.js",
        "node-gyp-build-test": "build-test.js"
      }
    },
    "node_modules/p-limit": {
      "version": "7.3.3",
      "resolved": "https://registry.npmjs.org/p-limit/-/p-limit-7.3.3.tgz",
      "integrity": "sha512-SKgVvDU5TNIxQ4r30U75BNLC6a+6GOEjngrk/ysM5+Zu3oJuk1SC5ApzIzY/7PjCEjoVPMWJ0zho/4QUiEB7TQ==",
      "license": "MIT",
      "dependencies": {
        "yocto-queue": "^1.2.1"
      },
      "engines": {
        "node": ">=20"
      },
      "funding": {
        "url": "https://github.com/sponsors/sindresorhus"
      }
    },
    "node_modules/pprof-format": {
      "version": "2.3.2",
      "resolved": "https://registry.npmjs.org/pprof-format/-/pprof-format-2.3.2.tgz",
      "integrity": "sha512-fcMM+sgKMOveSurz7i0BMHfy1hHNnI9+VWjd4kdclqQjSTuiHWaP69DGwvkw3zcLkM/F76LhVIKvPyrxmp6iiw==",
      "license": "MIT"
    },
    "node_modules/regenerator-runtime": {
      "version": "0.14.1",
      "resolved": "https://registry.npmjs.org/regenerator-runtime/-/regenerator-runtime-0.14.1.tgz",
      "integrity": "sha512-dYnhHh0nJoMfnkZs6GmmhFknAGRrLznOu5nc9ML+EJxGvrx6H7teuevqVqCuPcPK//3eDrrjQhehXVx9cnkGdw==",
      "license": "MIT"
    },
    "node_modules/source-map": {
      "version": "0.7.6",
      "resolved": "https://registry.npmjs.org/source-map/-/source-map-0.7.6.tgz",
      "integrity": "sha512-i5uvt8C3ikiWeNZSVZNWcfZPItFQOsYTUAOkcUPGd8DqDy1uOUikjt5dG+uRlwyvR108Fb9DOd4GvXfT0N2/uQ==",
      "license": "BSD-3-Clause",
      "engines": {
        "node": ">= 12"
      }
    },
    "node_modules/yocto-queue": {
      "version": "1.2.2",
      "resolved": "https://registry.npmjs.org/yocto-queue/-/yocto-queue-1.2.2.tgz",
      "integrity": "sha512-4LCcse/U2MHZ63HAJVE+v71o7yOdIe4cZ70Wpf8D/IyjDKYQLV5GD46B+hSTjJsvV5PztjvHoU580EftxjDZFQ==",
      "license": "MIT",
      "engines": {
        "node": ">=12.20"
      },
      "funding": {
        "url": "https://github.com/sponsors/sindresorhus"
      }
    }
  }
}
